
Microsoft Visual Studio Solution File, Format Version 12.00
# Visual Studio Version 17
VisualStudioVersion = 17.11.35327.3
MinimumVisualStudioVersion = 10.0.40219.1
Project("{9A19103F-16F7-4668-BE54-9A1E7A4F7556}") = "DTO_QLDT", "DTO_QLDT\DTO_QLDT.csproj", "{A8B6C8B8-320A-4C27-B205-C1CFF8008433}"
EndProject
Project("{9A19103F-16F7-4668-BE54-9A1E7A4F7556}") = "BLL_QLDT", "BLL_QLDT\BLL_QLDT.csproj", "{DB5225F7-1489-47E3-B0E9-5D4873E2923C}"
EndProject
Project("{9A19103F-16F7-4668-BE54-9A1E7A4F7556}") = "DAL_QLDT", "DAL_QLDT\DAL_QLDT.csproj", "{DF92EE4A-DD25-46A3-BE9F-8F8DBD53115E}"
EndProject
Project("{FAE04EC0-301F-11D3-BF4B-00C04F79EFBC}") = "GUI_QLDT", "GUI_QLDT\GUI_QLDT.csproj", "{92C24388-C2A3-454E-ACB6-1CEB55C0B84D}"
EndProject
Global
	GlobalSection(SolutionConfigurationPlatforms) = preSolution
		Debug|Any CPU = Debug|Any CPU
		Release|Any CPU = Release|Any CPU
	EndGlobalSection
	GlobalSection(ProjectConfigurationPlatforms) = postSolution
		{A8B6C8B8-320A-4C27-B205-C1CFF8008433}.Debug|Any CPU.ActiveCfg = Debug|Any CPU
		{A8B6C8B8-320A-4C27-B205-C1CFF8008433}.Debug|Any CPU.Build.0 = Debug|Any CPU
		{A8B6C8B8-320A-4C27-B205-C1CFF8008433}.Release|Any CPU.ActiveCfg = Release|Any CPU
		{A8B6C8B8-320A-4C27-B205-C1CFF8008433}.Release|Any CPU.Build.0 = Release|Any CPU
		{DB5225F7-1489-47E3-B0E9-5D4873E2923C}.Debug|Any CPU.ActiveCfg = Debug|Any CPU
		{DB5225F7-1489-47E3-B0E9-5D4873E2923C}.Debug|Any CPU.Build.0 = Debug|Any CPU
		{DB5225F7-1489-47E3-B0E9-5D4873E2923C}.Release|Any CPU.ActiveCfg = Release|Any CPU
		{DB5225F7-1489-47E3-B0E9-5D4873E2923C}.Release|Any CPU.Build.0 = Release|Any CPU
		{DF92EE4A-DD25-46A3-BE9F-8F8DBD53115E}.Debug|Any CPU.ActiveCfg = Debug|Any CPU
		{DF92EE4A-DD25-46A3-BE9F-8F8DBD53115E}.Debug|Any CPU.Build.0 = Debug|Any CPU
		{DF92EE4A-DD25-46A3-BE9F-8F8DBD53115E}.Release|Any CPU.ActiveCfg = Release|Any CPU
		{DF92EE4A-DD25-46A3-BE9F-8F8DBD53115E}.Release|Any CPU.Build.0 = Release|Any CPU
		{92C24388-C2A3-454E-ACB6-1CEB55C0B84D}.Debug|Any CPU.ActiveCfg = Debug|Any CPU
		{92C24388-C2A3-454E-ACB6-1CEB55C0B84D}.Debug|Any CPU.Build.0 = Debug|Any CPU
		{92C24388-C2A3-454E-ACB6-1CEB55C0B84D}.Release|Any CPU.ActiveCfg = Release|Any CPU
		{92C24388-C2A3-454E-ACB6-1CEB55C0B84D}.Release|Any CPU.Build.0 = Release|Any CPU
	EndGlobalSection
	GlobalSection(SolutionProperties) = preSolution
		HideSolutionNode = FALSE
	EndGlobalSection
	GlobalSection(ExtensibilityGlobals) = postSolution
		SolutionGuid = {12247230-6D48-41FB-9B36-80F0B4D4F277}
	EndGlobalSection
EndGlobal
